
Microsoft Visual Studio Solution File, Format Version 12.00
# Visual Studio Version 17
VisualStudioVersion = 17.12.35707.178
MinimumVisualStudioVersion = 10.0.40219.1
Project("{FAE04EC0-301F-11D3-BF4B-00C04F79EFBC}") = "Exam1", "Exam1\Exam1.csproj", "{1EF31D6C-0A5C-45AA-8D99-10DD3E1AE1BA}"
EndProject
Project("{FAE04EC0-301F-11D3-BF4B-00C04F79EFBC}") = "Exam1.Entities", "Exam1.Entities\Exam1.Entities.csproj", "{988020F4-E35B-439D-A406-294090BAA85F}"
EndProject
Global
	GlobalSection(SolutionConfigurationPlatforms) = preSolution
		Debug|Any CPU = Debug|Any CPU
		Release|Any CPU = Release|Any CPU
	EndGlobalSection
	GlobalSection(ProjectConfigurationPlatforms) = postSolution
		{1EF31D6C-0A5C-45AA-8D99-10DD3E1AE1BA}.Debug|Any CPU.ActiveCfg = Debug|Any CPU
		{1EF31D6C-0A5C-45AA-8D99-10DD3E1AE1BA}.Debug|Any CPU.Build.0 = Debug|Any CPU
		{1EF31D6C-0A5C-45AA-8D99-10DD3E1AE1BA}.Release|Any CPU.ActiveCfg = Release|Any CPU
		{1EF31D6C-0A5C-45AA-8D99-10DD3E1AE1BA}.Release|Any CPU.Build.0 = Release|Any CPU
		{988020F4-E35B-439D-A406-294090BAA85F}.Debug|Any CPU.ActiveCfg = Debug|Any CPU
		{988020F4-E35B-439D-A406-294090BAA85F}.Debug|Any CPU.Build.0 = Debug|Any CPU
		{988020F4-E35B-439D-A406-294090BAA85F}.Release|Any CPU.ActiveCfg = Release|Any CPU
		{988020F4-E35B-439D-A406-294090BAA85F}.Release|Any CPU.Build.0 = Release|Any CPU
	EndGlobalSection
	GlobalSection(SolutionProperties) = preSolution
		HideSolutionNode = FALSE
	EndGlobalSection
EndGlobal
